// !$*UTF8*$!
{
	archiveVersion = 1;
	classes = {
	};
	objectVersion = 50;
	objects = {

/* Begin PBXBuildFile section */
		2A05D1F324AC89FE004CA944 /* AppDelegate.m in Sources */ = {isa = PBXBuildFile; fileRef = 2A05D1F224AC89FE004CA944 /* AppDelegate.m */; };
		2A05D1F924AC89FE004CA944 /* ViewController.m in Sources */ = {isa = PBXBuildFile; fileRef = 2A05D1F824AC89FE004CA944 /* ViewController.m */; };
		2A05D1FC24AC89FE004CA944 /* Main.storyboard in Resources */ = {isa = PBXBuildFile; fileRef = 2A05D1FA24AC89FE004CA944 /* Main.storyboard */; };
		2A05D1FE24AC89FF004CA944 /* Assets.xcassets in Resources */ = {isa = PBXBuildFile; fileRef = 2A05D1FD24AC89FF004CA944 /* Assets.xcassets */; };
		2A05D20124AC89FF004CA944 /* LaunchScreen.storyboard in Resources */ = {isa = PBXBuildFile; fileRef = 2A05D1FF24AC89FF004CA944 /* LaunchScreen.storyboard */; };
		2A05D20424AC8A00004CA944 /* main.m in Sources */ = {isa = PBXBuildFile; fileRef = 2A05D20324AC8A00004CA944 /* main.m */; };
		2A05D20E24AC8A00004CA944 /* FileManagerUiTests.m in Sources */ = {isa = PBXBuildFile; fileRef = 2A05D20D24AC8A00004CA944 /* FileManagerUiTests.m */; };
		2A05D21924AC8A00004CA944 /* FileManagerUiUITests.m in Sources */ = {isa = PBXBuildFile; fileRef = 2A05D21824AC8A00004CA944 /* FileManagerUiUITests.m */; };
		2A05D22E24ACA489004CA944 /* FileTableViewCell.m in Sources */ = {isa = PBXBuildFile; fileRef = 2A05D22D24ACA489004CA944 /* FileTableViewCell.m */; };
		2A05D23224ACA5F6004CA944 /* FileModuleAchieve.m in Sources */ = {isa = PBXBuildFile; fileRef = 2A05D23024ACA5F6004CA944 /* FileModuleAchieve.m */; };
		2A44A5E724C7DCC2007E3521 /* ChildViewController.m in Sources */ = {isa = PBXBuildFile; fileRef = 2A44A5E624C7DCC2007E3521 /* ChildViewController.m */; };
		2A44A5EB24C7E6E5007E3521 /* DZGCellModel.m in Sources */ = {isa = PBXBuildFile; fileRef = 2A44A5EA24C7E6E5007E3521 /* DZGCellModel.m */; };
		2A50076024B5CD59005BD3B0 /* InfoPlist.strings in Resources */ = {isa = PBXBuildFile; fileRef = 2A50076224B5CD59005BD3B0 /* InfoPlist.strings */; };
		2A50076624B5DB76005BD3B0 /* Localizable.strings in Resources */ = {isa = PBXBuildFile; fileRef = 2A50076824B5DB76005BD3B0 /* Localizable.strings */; };
		B6FC78A36D72895670790780 /* libPods-FileManagerUi.a in Frameworks */ = {isa = PBXBuildFile; fileRef = 3D2C9518ED126C4783FB7172 /* libPods-FileManagerUi.a */; };
/* End PBXBuildFile section */

/* Begin PBXContainerItemProxy section */
		2A05D20A24AC8A00004CA944 /* PBXContainerItemProxy */ = {
			isa = PBXContainerItemProxy;
			containerPortal = 2A05D1E624AC89FE004CA944 /* Project object */;
			proxyType = 1;
			remoteGlobalIDString = 2A05D1ED24AC89FE004CA944;
			remoteInfo = FileManagerUi;
		};
		2A05D21524AC8A00004CA944 /* PBXContainerItemProxy */ = {
			isa = PBXContainerItemProxy;
			containerPortal = 2A05D1E624AC89FE004CA944 /* Project object */;
			proxyType = 1;
			remoteGlobalIDString = 2A05D1ED24AC89FE004CA944;
			remoteInfo = FileManagerUi;
		};
/* End PBXContainerItemProxy section */

/* Begin PBXFileReference section */
		2238B74D5659F6C7A07946BB /* Pods-FileManagerUi.debug.xcconfig */ = {isa = PBXFileReference; includeInIndex = 1; lastKnownFileType = text.xcconfig; name = "Pods-FileManagerUi.debug.xcconfig"; path = "Target Support Files/Pods-FileManagerUi/Pods-FileManagerUi.debug.xcconfig"; sourceTree = "<group>"; };
		2A05D1EE24AC89FE004CA944 /* 小丁文件管理器.app */ = {isa = PBXFileReference; explicitFileType = wrapper.application; includeInIndex = 0; path = "小丁文件管理器.app"; sourceTree = BUILT_PRODUCTS_DIR; };
		2A05D1F124AC89FE004CA944 /* AppDelegate.h */ = {isa = PBXFileReference; lastKnownFileType = sourcecode.c.h; path = AppDelegate.h; sourceTree = "<group>"; };
		2A05D1F224AC89FE004CA944 /* AppDelegate.m */ = {isa = PBXFileReference; lastKnownFileType = sourcecode.c.objc; path = AppDelegate.m; sourceTree = "<group>"; };
		2A05D1F724AC89FE004CA944 /* ViewController.h */ = {isa = PBXFileReference; lastKnownFileType = sourcecode.c.h; path = ViewController.h; sourceTree = "<group>"; };
		2A05D1F824AC89FE004CA944 /* ViewController.m */ = {isa = PBXFileReference; lastKnownFileType = sourcecode.c.objc; path = ViewController.m; sourceTree = "<group>"; };
		2A05D1FB24AC89FE004CA944 /* Base */ = {isa = PBXFileReference; lastKnownFileType = file.storyboard; name = Base; path = Base.lproj/Main.storyboard; sourceTree = "<group>"; };
		2A05D1FD24AC89FF004CA944 /* Assets.xcassets */ = {isa = PBXFileReference; lastKnownFileType = folder.assetcatalog; path = Assets.xcassets; sourceTree = "<group>"; };
		2A05D20024AC89FF004CA944 /* Base */ = {isa = PBXFileReference; lastKnownFileType = file.storyboard; name = Base; path = Base.lproj/LaunchScreen.storyboard; sourceTree = "<group>"; };
		2A05D20224AC8A00004CA944 /* Info.plist */ = {isa = PBXFileReference; lastKnownFileType = text.plist.xml; path = Info.plist; sourceTree = "<group>"; };
		2A05D20324AC8A00004CA944 /* main.m */ = {isa = PBXFileReference; lastKnownFileType = sourcecode.c.objc; path = main.m; sourceTree = "<group>"; };
		2A05D20924AC8A00004CA944 /* FileManagerUiTests.xctest */ = {isa = PBXFileReference; explicitFileType = wrapper.cfbundle; includeInIndex = 0; path = FileManagerUiTests.xctest; sourceTree = BUILT_PRODUCTS_DIR; };
		2A05D20D24AC8A00004CA944 /* FileManagerUiTests.m */ = {isa = PBXFileReference; lastKnownFileType = sourcecode.c.objc; path = FileManagerUiTests.m; sourceTree = "<group>"; };
		2A05D20F24AC8A00004CA944 /* Info.plist */ = {isa = PBXFileReference; lastKnownFileType = text.plist.xml; path = Info.plist; sourceTree = "<group>"; };
		2A05D21424AC8A00004CA944 /* FileManagerUiUITests.xctest */ = {isa = PBXFileReference; explicitFileType = wrapper.cfbundle; includeInIndex = 0; path = FileManagerUiUITests.xctest; sourceTree = BUILT_PRODUCTS_DIR; };
		2A05D21824AC8A00004CA944 /* FileManagerUiUITests.m */ = {isa = PBXFileReference; lastKnownFileType = sourcecode.c.objc; path = FileManagerUiUITests.m; sourceTree = "<group>"; };
		2A05D21A24AC8A00004CA944 /* Info.plist */ = {isa = PBXFileReference; lastKnownFileType = text.plist.xml; path = Info.plist; sourceTree = "<group>"; };
		2A05D22C24ACA489004CA944 /* FileTableViewCell.h */ = {isa = PBXFileReference; lastKnownFileType = sourcecode.c.h; path = FileTableViewCell.h; sourceTree = "<group>"; };
		2A05D22D24ACA489004CA944 /* FileTableViewCell.m */ = {isa = PBXFileReference; lastKnownFileType = sourcecode.c.objc; path = FileTableViewCell.m; sourceTree = "<group>"; };
		2A05D23024ACA5F6004CA944 /* FileModuleAchieve.m */ = {isa = PBXFileReference; fileEncoding = 4; lastKnownFileType = sourcecode.c.objc; path = FileModuleAchieve.m; sourceTree = "<group>"; };
		2A05D23124ACA5F6004CA944 /* FileModuleAchieve.h */ = {isa = PBXFileReference; fileEncoding = 4; lastKnownFileType = sourcecode.c.h; path = FileModuleAchieve.h; sourceTree = "<group>"; };
		2A44A5E524C7DCC2007E3521 /* ChildViewController.h */ = {isa = PBXFileReference; lastKnownFileType = sourcecode.c.h; path = ChildViewController.h; sourceTree = "<group>"; };
		2A44A5E624C7DCC2007E3521 /* ChildViewController.m */ = {isa = PBXFileReference; lastKnownFileType = sourcecode.c.objc; path = ChildViewController.m; sourceTree = "<group>"; };
		2A44A5E924C7E6E5007E3521 /* DZGCellModel.h */ = {isa = PBXFileReference; lastKnownFileType = sourcecode.c.h; path = DZGCellModel.h; sourceTree = "<group>"; };
		2A44A5EA24C7E6E5007E3521 /* DZGCellModel.m */ = {isa = PBXFileReference; lastKnownFileType = sourcecode.c.objc; path = DZGCellModel.m; sourceTree = "<group>"; };
		2A50075A24B5CCD3005BD3B0 /* zh-Hans */ = {isa = PBXFileReference; lastKnownFileType = text.plist.strings; name = "zh-Hans"; path = "zh-Hans.lproj/Main.strings"; sourceTree = "<group>"; };
		2A50075B24B5CCD4005BD3B0 /* zh-Hans */ = {isa = PBXFileReference; lastKnownFileType = text.plist.strings; name = "zh-Hans"; path = "zh-Hans.lproj/LaunchScreen.strings"; sourceTree = "<group>"; };
		2A50076124B5CD59005BD3B0 /* en */ = {isa = PBXFileReference; lastKnownFileType = text.plist.strings; name = en; path = en.lproj/InfoPlist.strings; sourceTree = "<group>"; };
		2A50076324B5CD69005BD3B0 /* zh-Hans */ = {isa = PBXFileReference; lastKnownFileType = text.plist.strings; name = "zh-Hans"; path = "zh-Hans.lproj/InfoPlist.strings"; sourceTree = "<group>"; };
		2A50076724B5DB76005BD3B0 /* en */ = {isa = PBXFileReference; lastKnownFileType = text.plist.strings; name = en; path = en.lproj/Localizable.strings; sourceTree = "<group>"; };
		2A50076924B5DB79005BD3B0 /* zh-Hans */ = {isa = PBXFileReference; lastKnownFileType = text.plist.strings; name = "zh-Hans"; path = "zh-Hans.lproj/Localizable.strings"; sourceTree = "<group>"; };
		3D2C9518ED126C4783FB7172 /* libPods-FileManagerUi.a */ = {isa = PBXFileReference; explicitFileType = archive.ar; includeInIndex = 0; path = "libPods-FileManagerUi.a"; sourceTree = BUILT_PRODUCTS_DIR; };
		514CF080ADB40310C1A64ECF /* Pods-FileManagerUi.release.xcconfig */ = {isa = PBXFileReference; includeInIndex = 1; lastKnownFileType = text.xcconfig; name = "Pods-FileManagerUi.release.xcconfig"; path = "Target Support Files/Pods-FileManagerUi/Pods-FileManagerUi.release.xcconfig"; sourceTree = "<group>"; };
/* End PBXFileReference section */

/* Begin PBXFrameworksBuildPhase section */
		2A05D1EB24AC89FE004CA944 /* Frameworks */ = {
			isa = PBXFrameworksBuildPhase;
			buildActionMask = 2147483647;
			files = (
				B6FC78A36D72895670790780 /* libPods-FileManagerUi.a in Frameworks */,
			);
			runOnlyForDeploymentPostprocessing = 0;
		};
		2A05D20624AC8A00004CA944 /* Frameworks */ = {
			isa = PBXFrameworksBuildPhase;
			buildActionMask = 2147483647;
			files = (
			);
			runOnlyForDeploymentPostprocessing = 0;
		};
		2A05D21124AC8A00004CA944 /* Frameworks */ = {
			isa = PBXFrameworksBuildPhase;
			buildActionMask = 2147483647;
			files = (
			);
			runOnlyForDeploymentPostprocessing = 0;
		};
/* End PBXFrameworksBuildPhase section */

/* Begin PBXGroup section */
		2A05D1E524AC89FE004CA944 = {
			isa = PBXGroup;
			children = (
				2A05D1F024AC89FE004CA944 /* FileManagerUi */,
				2A05D20C24AC8A00004CA944 /* FileManagerUiTests */,
				2A05D21724AC8A00004CA944 /* FileManagerUiUITests */,
				2A05D1EF24AC89FE004CA944 /* Products */,
				3966905F87D0561B99877234 /* Pods */,
				B3A6CCD488FB8D0ACA8FBAEB /* Frameworks */,
			);
			sourceTree = "<group>";
		};
		2A05D1EF24AC89FE004CA944 /* Products */ = {
			isa = PBXGroup;
			children = (
				2A05D1EE24AC89FE004CA944 /* 小丁文件管理器.app */,
				2A05D20924AC8A00004CA944 /* FileManagerUiTests.xctest */,
				2A05D21424AC8A00004CA944 /* FileManagerUiUITests.xctest */,
			);
			name = Products;
			sourceTree = "<group>";
		};
		2A05D1F024AC89FE004CA944 /* FileManagerUi */ = {
			isa = PBXGroup;
			children = (
				2A05D22F24ACA5DE004CA944 /* Tools */,
				2A05D22B24ACA44C004CA944 /* View */,
				2A05D1F124AC89FE004CA944 /* AppDelegate.h */,
				2A05D1F224AC89FE004CA944 /* AppDelegate.m */,
				2A05D1FA24AC89FE004CA944 /* Main.storyboard */,
				2A05D1FD24AC89FF004CA944 /* Assets.xcassets */,
				2A05D1FF24AC89FF004CA944 /* LaunchScreen.storyboard */,
				2A05D20224AC8A00004CA944 /* Info.plist */,
				2A50076824B5DB76005BD3B0 /* Localizable.strings */,
				2A50076224B5CD59005BD3B0 /* InfoPlist.strings */,
				2A05D20324AC8A00004CA944 /* main.m */,
			);
			path = FileManagerUi;
			sourceTree = "<group>";
		};
		2A05D20C24AC8A00004CA944 /* FileManagerUiTests */ = {
			isa = PBXGroup;
			children = (
				2A05D20D24AC8A00004CA944 /* FileManagerUiTests.m */,
				2A05D20F24AC8A00004CA944 /* Info.plist */,
			);
			path = FileManagerUiTests;
			sourceTree = "<group>";
		};
		2A05D21724AC8A00004CA944 /* FileManagerUiUITests */ = {
			isa = PBXGroup;
			children = (
				2A05D21824AC8A00004CA944 /* FileManagerUiUITests.m */,
				2A05D21A24AC8A00004CA944 /* Info.plist */,
			);
			path = FileManagerUiUITests;
			sourceTree = "<group>";
		};
		2A05D22B24ACA44C004CA944 /* View */ = {
			isa = PBXGroup;
			children = (
				2A44A5E824C7E6D0007E3521 /* Model */,
				2A05D23524ACADAB004CA944 /* cell */,
				2A05D1F724AC89FE004CA944 /* ViewController.h */,
				2A05D1F824AC89FE004CA944 /* ViewController.m */,
				2A44A5E524C7DCC2007E3521 /* ChildViewController.h */,
				2A44A5E624C7DCC2007E3521 /* ChildViewController.m */,
			);
			path = View;
			sourceTree = "<group>";
		};
		2A05D22F24ACA5DE004CA944 /* Tools */ = {
			isa = PBXGroup;
			children = (
				2A05D23124ACA5F6004CA944 /* FileModuleAchieve.h */,
				2A05D23024ACA5F6004CA944 /* FileModuleAchieve.m */,
			);
			path = Tools;
			sourceTree = "<group>";
		};
		2A05D23524ACADAB004CA944 /* cell */ = {
			isa = PBXGroup;
			children = (
				2A05D22C24ACA489004CA944 /* FileTableViewCell.h */,
				2A05D22D24ACA489004CA944 /* FileTableViewCell.m */,
			);
			path = cell;
			sourceTree = "<group>";
		};
		2A44A5E824C7E6D0007E3521 /* Model */ = {
			isa = PBXGroup;
			children = (
				2A44A5E924C7E6E5007E3521 /* DZGCellModel.h */,
				2A44A5EA24C7E6E5007E3521 /* DZGCellModel.m */,
			);
			path = Model;
			sourceTree = "<group>";
		};
		3966905F87D0561B99877234 /* Pods */ = {
			isa = PBXGroup;
			children = (
				2238B74D5659F6C7A07946BB /* Pods-FileManagerUi.debug.xcconfig */,
				514CF080ADB40310C1A64ECF /* Pods-FileManagerUi.release.xcconfig */,
			);
			path = Pods;
			sourceTree = "<group>";
		};
		B3A6CCD488FB8D0ACA8FBAEB /* Frameworks */ = {
			isa = PBXGroup;
			children = (
				3D2C9518ED126C4783FB7172 /* libPods-FileManagerUi.a */,
			);
			name = Frameworks;
			sourceTree = "<group>";
		};
/* End PBXGroup section */

/* Begin PBXNativeTarget section */
		2A05D1ED24AC89FE004CA944 /* FileManagerUi */ = {
			isa = PBXNativeTarget;
			buildConfigurationList = 2A05D21D24AC8A00004CA944 /* Build configuration list for PBXNativeTarget "FileManagerUi" */;
			buildPhases = (
				F2A3FA8EA893002A7393AD22 /* [CP] Check Pods Manifest.lock */,
				2A05D1EA24AC89FE004CA944 /* Sources */,
				2A05D1EB24AC89FE004CA944 /* Frameworks */,
				2A05D1EC24AC89FE004CA944 /* Resources */,
			);
			buildRules = (
			);
			dependencies = (
			);
			name = FileManagerUi;
			productName = FileManagerUi;
			productReference = 2A05D1EE24AC89FE004CA944 /* 小丁文件管理器.app */;
			productType = "com.apple.product-type.application";
		};
		2A05D20824AC8A00004CA944 /* FileManagerUiTests */ = {
			isa = PBXNativeTarget;
			buildConfigurationList = 2A05D22024AC8A00004CA944 /* Build configuration list for PBXNativeTarget "FileManagerUiTests" */;
			buildPhases = (
				2A05D20524AC8A00004CA944 /* Sources */,
				2A05D20624AC8A00004CA944 /* Frameworks */,
				2A05D20724AC8A00004CA944 /* Resources */,
			);
			buildRules = (
			);
			dependencies = (
				2A05D20B24AC8A00004CA944 /* PBXTargetDependency */,
			);
			name = FileManagerUiTests;
			productName = FileManagerUiTests;
			productReference = 2A05D20924AC8A00004CA944 /* FileManagerUiTests.xctest */;
			productType = "com.apple.product-type.bundle.unit-test";
		};
		2A05D21324AC8A00004CA944 /* FileManagerUiUITests */ = {
			isa = PBXNativeTarget;
			buildConfigurationList = 2A05D22324AC8A00004CA944 /* Build configuration list for PBXNativeTarget "FileManagerUiUITests" */;
			buildPhases = (
				2A05D21024AC8A00004CA944 /* Sources */,
				2A05D21124AC8A00004CA944 /* Frameworks */,
				2A05D21224AC8A00004CA944 /* Resources */,
			);
			buildRules = (
			);
			dependencies = (
				2A05D21624AC8A00004CA944 /* PBXTargetDependency */,
			);
			name = FileManagerUiUITests;
			productName = FileManagerUiUITests;
			productReference = 2A05D21424AC8A00004CA944 /* FileManagerUiUITests.xctest */;
			productType = "com.apple.product-type.bundle.ui-testing";
		};
/* End PBXNativeTarget section */

/* Begin PBXProject section */
		2A05D1E624AC89FE004CA944 /* Project object */ = {
			isa = PBXProject;
			attributes = {
				LastUpgradeCheck = 1130;
				ORGANIZATIONNAME = FileManager;
				TargetAttributes = {
					2A05D1ED24AC89FE004CA944 = {
						CreatedOnToolsVersion = 11.3.1;
					};
					2A05D20824AC8A00004CA944 = {
						CreatedOnToolsVersion = 11.3.1;
						TestTargetID = 2A05D1ED24AC89FE004CA944;
					};
					2A05D21324AC8A00004CA944 = {
						CreatedOnToolsVersion = 11.3.1;
						TestTargetID = 2A05D1ED24AC89FE004CA944;
					};
				};
			};
			buildConfigurationList = 2A05D1E924AC89FE004CA944 /* Build configuration list for PBXProject "FileManagerUi" */;
			compatibilityVersion = "Xcode 9.3";
			developmentRegion = en;
			hasScannedForEncodings = 0;
			knownRegions = (
				en,
				Base,
				"zh-Hans",
			);
			mainGroup = 2A05D1E524AC89FE004CA944;
			productRefGroup = 2A05D1EF24AC89FE004CA944 /* Products */;
			projectDirPath = "";
			projectRoot = "";
			targets = (
				2A05D1ED24AC89FE004CA944 /* FileManagerUi */,
				2A05D20824AC8A00004CA944 /* FileManagerUiTests */,
				2A05D21324AC8A00004CA944 /* FileManagerUiUITests */,
			);
		};
/* End PBXProject section */

/* Begin PBXResourcesBuildPhase section */
		2A05D1EC24AC89FE004CA944 /* Resources */ = {
			isa = PBXResourcesBuildPhase;
			buildActionMask = 2147483647;
			files = (
				2A50076624B5DB76005BD3B0 /* Localizable.strings in Resources */,
				2A05D20124AC89FF004CA944 /* LaunchScreen.storyboard in Resources */,
				2A50076024B5CD59005BD3B0 /* InfoPlist.strings in Resources */,
				2A05D1FE24AC89FF004CA944 /* Assets.xcassets in Resources */,
				2A05D1FC24AC89FE004CA944 /* Main.storyboard in Resources */,
			);
			runOnlyForDeploymentPostprocessing = 0;
		};
		2A05D20724AC8A00004CA944 /* Resources */ = {
			isa = PBXResourcesBuildPhase;
			buildActionMask = 2147483647;
			files = (
			);
			runOnlyForDeploymentPostprocessing = 0;
		};
		2A05D21224AC8A00004CA944 /* Resources */ = {
			isa = PBXResourcesBuildPhase;
			buildActionMask = 2147483647;
			files = (
			);
			runOnlyForDeploymentPostprocessing = 0;
		};
/* End PBXResourcesBuildPhase section */

/* Begin PBXShellScriptBuildPhase section */
		F2A3FA8EA893002A7393AD22 /* [CP] Check Pods Manifest.lock */ = {
			isa = PBXShellScriptBuildPhase;
			buildActionMask = 2147483647;
			files = (
			);
			inputFileListPaths = (
			);
			inputPaths = (
				"${PODS_PODFILE_DIR_PATH}/Podfile.lock",
				"${PODS_ROOT}/Manifest.lock",
			);
			name = "[CP] Check Pods Manifest.lock";
			outputFileListPaths = (
			);
			outputPaths = (
				"$(DERIVED_FILE_DIR)/Pods-FileManagerUi-checkManifestLockResult.txt",
			);
			runOnlyForDeploymentPostprocessing = 0;
			shellPath = /bin/sh;
			shellScript = "diff \"${PODS_PODFILE_DIR_PATH}/Podfile.lock\" \"${PODS_ROOT}/Manifest.lock\" > /dev/null\nif [ $? != 0 ] ; then\n    # print error to STDERR\n    echo \"error: The sandbox is not in sync with the Podfile.lock. Run 'pod install' or update your CocoaPods installation.\" >&2\n    exit 1\nfi\n# This output is used by Xcode 'outputs' to avoid re-running this script phase.\necho \"SUCCESS\" > \"${SCRIPT_OUTPUT_FILE_0}\"\n";
			showEnvVarsInLog = 0;
		};
/* End PBXShellScriptBuildPhase section */

/* Begin PBXSourcesBuildPhase section */
		2A05D1EA24AC89FE004CA944 /* Sources */ = {
			isa = PBXSourcesBuildPhase;
			buildActionMask = 2147483647;
			files = (
				2A05D1F924AC89FE004CA944 /* ViewController.m in Sources */,
				2A44A5EB24C7E6E5007E3521 /* DZGCellModel.m in Sources */,
				2A05D22E24ACA489004CA944 /* FileTableViewCell.m in Sources */,
				2A05D23224ACA5F6004CA944 /* FileModuleAchieve.m in Sources */,
				2A05D1F324AC89FE004CA944 /* AppDelegate.m in Sources */,
				2A05D20424AC8A00004CA944 /* main.m in Sources */,
				2A44A5E724C7DCC2007E3521 /* ChildViewController.m in Sources */,
			);
			runOnlyForDeploymentPostprocessing = 0;
		};
		2A05D20524AC8A00004CA944 /* Sources */ = {
			isa = PBXSourcesBuildPhase;
			buildActionMask = 2147483647;
			files = (
				2A05D20E24AC8A00004CA944 /* FileManagerUiTests.m in Sources */,
			);
			runOnlyForDeploymentPostprocessing = 0;
		};
		2A05D21024AC8A00004CA944 /* Sources */ = {
			isa = PBXSourcesBuildPhase;
			buildActionMask = 2147483647;
			files = (
				2A05D21924AC8A00004CA944 /* FileManagerUiUITests.m in Sources */,
			);
			runOnlyForDeploymentPostprocessing = 0;
		};
/* End PBXSourcesBuildPhase section */

/* Begin PBXTargetDependency section */
		2A05D20B24AC8A00004CA944 /* PBXTargetDependency */ = {
			isa = PBXTargetDependency;
			target = 2A05D1ED24AC89FE004CA944 /* FileManagerUi */;
			targetProxy = 2A05D20A24AC8A00004CA944 /* PBXContainerItemProxy */;
		};
		2A05D21624AC8A00004CA944 /* PBXTargetDependency */ = {
			isa = PBXTargetDependency;
			target = 2A05D1ED24AC89FE004CA944 /* FileManagerUi */;
			targetProxy = 2A05D21524AC8A00004CA944 /* PBXContainerItemProxy */;
		};
/* End PBXTargetDependency section */

/* Begin PBXVariantGroup section */
		2A05D1FA24AC89FE004CA944 /* Main.storyboard */ = {
			isa = PBXVariantGroup;
			children = (
				2A05D1FB24AC89FE004CA944 /* Base */,
				2A50075A24B5CCD3005BD3B0 /* zh-Hans */,
			);
			name = Main.storyboard;
			sourceTree = "<group>";
		};
		2A05D1FF24AC89FF004CA944 /* LaunchScreen.storyboard */ = {
			isa = PBXVariantGroup;
			children = (
				2A05D20024AC89FF004CA944 /* Base */,
				2A50075B24B5CCD4005BD3B0 /* zh-Hans */,
			);
			name = LaunchScreen.storyboard;
			sourceTree = "<group>";
		};
		2A50076224B5CD59005BD3B0 /* InfoPlist.strings */ = {
			isa = PBXVariantGroup;
			children = (
				2A50076124B5CD59005BD3B0 /* en */,
				2A50076324B5CD69005BD3B0 /* zh-Hans */,
			);
			name = InfoPlist.strings;
			sourceTree = "<group>";
		};
		2A50076824B5DB76005BD3B0 /* Localizable.strings */ = {
			isa = PBXVariantGroup;
			children = (
				2A50076724B5DB76005BD3B0 /* en */,
				2A50076924B5DB79005BD3B0 /* zh-Hans */,
			);
			name = Localizable.strings;
			sourceTree = "<group>";
		};
/* End PBXVariantGroup section */

/* Begin XCBuildConfiguration section */
		2A05D21B24AC8A00004CA944 /* Debug */ = {
			isa = XCBuildConfiguration;
			buildSettings = {
				ALWAYS_SEARCH_USER_PATHS = NO;
				CLANG_ANALYZER_LOCALIZABILITY_NONLOCALIZED = YES;
				CLANG_ANALYZER_NONNULL = YES;
				CLANG_ANALYZER_NUMBER_OBJECT_CONVERSION = YES_AGGRESSIVE;
				CLANG_CXX_LANGUAGE_STANDARD = "gnu++14";
				CLANG_CXX_LIBRARY = "libc++";
				CLANG_ENABLE_MODULES = YES;
				CLANG_ENABLE_OBJC_ARC = YES;
				CLANG_ENABLE_OBJC_WEAK = YES;
				CLANG_WARN_BLOCK_CAPTURE_AUTORELEASING = YES;
				CLANG_WARN_BOOL_CONVERSION = YES;
				CLANG_WARN_COMMA = YES;
				CLANG_WARN_CONSTANT_CONVERSION = YES;
				CLANG_WARN_DEPRECATED_OBJC_IMPLEMENTATIONS = YES;
				CLANG_WARN_DIRECT_OBJC_ISA_USAGE = YES_ERROR;
				CLANG_WARN_DOCUMENTATION_COMMENTS = YES;
				CLANG_WARN_EMPTY_BODY = YES;
				CLANG_WARN_ENUM_CONVERSION = YES;
				CLANG_WARN_INFINITE_RECURSION = YES;
				CLANG_WARN_INT_CONVERSION = YES;
				CLANG_WARN_NON_LITERAL_NULL_CONVERSION = YES;
				CLANG_WARN_OBJC_IMPLICIT_RETAIN_SELF = YES;
				CLANG_WARN_OBJC_LITERAL_CONVERSION = YES;
				CLANG_WARN_OBJC_ROOT_CLASS = YES_ERROR;
				CLANG_WARN_RANGE_LOOP_ANALYSIS = YES;
				CLANG_WARN_STRICT_PROTOTYPES = YES;
				CLANG_WARN_SUSPICIOUS_MOVE = YES;
				CLANG_WARN_UNGUARDED_AVAILABILITY = YES_AGGRESSIVE;
				CLANG_WARN_UNREACHABLE_CODE = YES;
				CLANG_WARN__DUPLICATE_METHOD_MATCH = YES;
				COPY_PHASE_STRIP = NO;
				DEBUG_INFORMATION_FORMAT = dwarf;
				ENABLE_STRICT_OBJC_MSGSEND = YES;
				ENABLE_TESTABILITY = YES;
				GCC_C_LANGUAGE_STANDARD = gnu11;
				GCC_DYNAMIC_NO_PIC = NO;
				GCC_NO_COMMON_BLOCKS = YES;
				GCC_OPTIMIZATION_LEVEL = 0;
				GCC_PREPROCESSOR_DEFINITIONS = (
					"DEBUG=1",
					"$(inherited)",
				);
				GCC_WARN_64_TO_32_BIT_CONVERSION = YES;
				GCC_WARN_ABOUT_RETURN_TYPE = YES_ERROR;
				GCC_WARN_UNDECLARED_SELECTOR = YES;
				GCC_WARN_UNINITIALIZED_AUTOS = YES_AGGRESSIVE;
				GCC_WARN_UNUSED_FUNCTION = YES;
				GCC_WARN_UNUSED_VARIABLE = YES;
				IPHONEOS_DEPLOYMENT_TARGET = 13.2;
				MTL_ENABLE_DEBUG_INFO = INCLUDE_SOURCE;
				MTL_FAST_MATH = YES;
				ONLY_ACTIVE_ARCH = YES;
				SDKROOT = iphoneos;
			};
			name = Debug;
		};
		2A05D21C24AC8A00004CA944 /* Release */ = {
			isa = XCBuildConfiguration;
			buildSettings = {
				ALWAYS_SEARCH_USER_PATHS = NO;
				CLANG_ANALYZER_LOCALIZABILITY_NONLOCALIZED = YES;
				CLANG_ANALYZER_NONNULL = YES;
				CLANG_ANALYZER_NUMBER_OBJECT_CONVERSION = YES_AGGRESSIVE;
				CLANG_CXX_LANGUAGE_STANDARD = "gnu++14";
				CLANG_CXX_LIBRARY = "libc++";
				CLANG_ENABLE_MODULES = YES;
				CLANG_ENABLE_OBJC_ARC = YES;
				CLANG_ENABLE_OBJC_WEAK = YES;
				CLANG_WARN_BLOCK_CAPTURE_AUTORELEASING = YES;
				CLANG_WARN_BOOL_CONVERSION = YES;
				CLANG_WARN_COMMA = YES;
				CLANG_WARN_CONSTANT_CONVERSION = YES;
				CLANG_WARN_DEPRECATED_OBJC_IMPLEMENTATIONS = YES;
				CLANG_WARN_DIRECT_OBJC_ISA_USAGE = YES_ERROR;
				CLANG_WARN_DOCUMENTATION_COMMENTS = YES;
				CLANG_WARN_EMPTY_BODY = YES;
				CLANG_WARN_ENUM_CONVERSION = YES;
				CLANG_WARN_INFINITE_RECURSION = YES;
				CLANG_WARN_INT_CONVERSION = YES;
				CLANG_WARN_NON_LITERAL_NULL_CONVERSION = YES;
				CLANG_WARN_OBJC_IMPLICIT_RETAIN_SELF = YES;
				CLANG_WARN_OBJC_LITERAL_CONVERSION = YES;
				CLANG_WARN_OBJC_ROOT_CLASS = YES_ERROR;
				CLANG_WARN_RANGE_LOOP_ANALYSIS = YES;
				CLANG_WARN_STRICT_PROTOTYPES = YES;
				CLANG_WARN_SUSPICIOUS_MOVE = YES;
				CLANG_WARN_UNGUARDED_AVAILABILITY = YES_AGGRESSIVE;
				CLANG_WARN_UNREACHABLE_CODE = YES;
				CLANG_WARN__DUPLICATE_METHOD_MATCH = YES;
				COPY_PHASE_STRIP = NO;
				DEBUG_INFORMATION_FORMAT = "dwarf-with-dsym";
				ENABLE_NS_ASSERTIONS = NO;
				ENABLE_STRICT_OBJC_MSGSEND = YES;
				GCC_C_LANGUAGE_STANDARD = gnu11;
				GCC_NO_COMMON_BLOCKS = YES;
				GCC_WARN_64_TO_32_BIT_CONVERSION = YES;
				GCC_WARN_ABOUT_RETURN_TYPE = YES_ERROR;
				GCC_WARN_UNDECLARED_SELECTOR = YES;
				GCC_WARN_UNINITIALIZED_AUTOS = YES_AGGRESSIVE;
				GCC_WARN_UNUSED_FUNCTION = YES;
				GCC_WARN_UNUSED_VARIABLE = YES;
				IPHONEOS_DEPLOYMENT_TARGET = 13.2;
				MTL_ENABLE_DEBUG_INFO = NO;
				MTL_FAST_MATH = YES;
				SDKROOT = iphoneos;
				VALIDATE_PRODUCT = YES;
			};
			name = Release;
		};
		2A05D21E24AC8A00004CA944 /* Debug */ = {
			isa = XCBuildConfiguration;
			baseConfigurationReference = 2238B74D5659F6C7A07946BB /* Pods-FileManagerUi.debug.xcconfig */;
			buildSettings = {
				ASSETCATALOG_COMPILER_APPICON_NAME = AppIcon;
				CODE_SIGN_STYLE = Automatic;
				DEVELOPMENT_TEAM = MBH3KZ44KL;
				INFOPLIST_FILE = FileManagerUi/Info.plist;
				LD_RUNPATH_SEARCH_PATHS = (
					"$(inherited)",
					"@executable_path/Frameworks",
				);
				PRODUCT_BUNDLE_IDENTIFIER = FileManager.FileManagerUi;
				PRODUCT_NAME = "小丁文件管理器";
				TARGETED_DEVICE_FAMILY = "1,2";
			};
			name = Debug;
		};
		2A05D21F24AC8A00004CA944 /* Release */ = {
			isa = XCBuildConfiguration;
			baseConfigurationReference = 514CF080ADB40310C1A64ECF /* Pods-FileManagerUi.release.xcconfig */;
			buildSettings = {
				ASSETCATALOG_COMPILER_APPICON_NAME = AppIcon;
				CODE_SIGN_STYLE = Automatic;
				DEVELOPMENT_TEAM = MBH3KZ44KL;
				INFOPLIST_FILE = FileManagerUi/Info.plist;
				LD_RUNPATH_SEARCH_PATHS = (
					"$(inherited)",
					"@executable_path/Frameworks",
				);
				PRODUCT_BUNDLE_IDENTIFIER = FileManager.FileManagerUi;
				PRODUCT_NAME = "小丁文件管理器";
				TARGETED_DEVICE_FAMILY = "1,2";
			};
			name = Release;
		};
		2A05D22124AC8A00004CA944 /* Debug */ = {
			isa = XCBuildConfiguration;
			buildSettings = {
				BUNDLE_LOADER = "$(TEST_HOST)";
				CODE_SIGN_STYLE = Automatic;
				DEVELOPMENT_TEAM = MBH3KZ44KL;
				INFOPLIST_FILE = FileManagerUiTests/Info.plist;
				IPHONEOS_DEPLOYMENT_TARGET = 13.2;
				LD_RUNPATH_SEARCH_PATHS = (
					"$(inherited)",
					"@executable_path/Frameworks",
					"@loader_path/Frameworks",
				);
				PRODUCT_BUNDLE_IDENTIFIER = FileManager.FileManagerUiTests;
				PRODUCT_NAME = "$(TARGET_NAME)";
				TARGETED_DEVICE_FAMILY = "1,2";
				TEST_HOST = "$(BUILT_PRODUCTS_DIR)/FileManagerUi.app/FileManagerUi";
			};
			name = Debug;
		};
		2A05D22224AC8A00004CA944 /* Release */ = {
			isa = XCBuildConfiguration;
			buildSettings = {
				BUNDLE_LOADER = "$(TEST_HOST)";
				CODE_SIGN_STYLE = Automatic;
				DEVELOPMENT_TEAM = MBH3KZ44KL;
				INFOPLIST_FILE = FileManagerUiTests/Info.plist;
				IPHONEOS_DEPLOYMENT_TARGET = 13.2;
				LD_RUNPATH_SEARCH_PATHS = (
					"$(inherited)",
					"@executable_path/Frameworks",
					"@loader_path/Frameworks",
				);
				PRODUCT_BUNDLE_IDENTIFIER = FileManager.FileManagerUiTests;
				PRODUCT_NAME = "$(TARGET_NAME)";
				TARGETED_DEVICE_FAMILY = "1,2";
				TEST_HOST = "$(BUILT_PRODUCTS_DIR)/FileManagerUi.app/FileManagerUi";
			};
			name = Release;
		};
		2A05D22424AC8A00004CA944 /* Debug */ = {
			isa = XCBuildConfiguration;
			buildSettings = {
				CODE_SIGN_STYLE = Automatic;
				DEVELOPMENT_TEAM = MBH3KZ44KL;
				INFOPLIST_FILE = FileManagerUiUITests/Info.plist;
				LD_RUNPATH_SEARCH_PATHS = (
					"$(inherited)",
					"@executable_path/Frameworks",
					"@loader_path/Frameworks",
				);
				PRODUCT_BUNDLE_IDENTIFIER = FileManager.FileManagerUiUITests;
				PRODUCT_NAME = "$(TARGET_NAME)";
				TARGETED_DEVICE_FAMILY = "1,2";
				TEST_TARGET_NAME = FileManagerUi;
			};
			name = Debug;
		};
		2A05D22524AC8A00004CA944 /* Release */ = {
			isa = XCBuildConfiguration;
			buildSettings = {
				CODE_SIGN_STYLE = Automatic;
				DEVELOPMENT_TEAM = MBH3KZ44KL;
				INFOPLIST_FILE = FileManagerUiUITests/Info.plist;
				LD_RUNPATH_SEARCH_PATHS = (
					"$(inherited)",
					"@executable_path/Frameworks",
					"@loader_path/Frameworks",
				);
				PRODUCT_BUNDLE_IDENTIFIER = FileManager.FileManagerUiUITests;
				PRODUCT_NAME = "$(TARGET_NAME)";
				TARGETED_DEVICE_FAMILY = "1,2";
				TEST_TARGET_NAME = FileManagerUi;
			};
			name = Release;
		};
/* End XCBuildConfiguration section */

/* Begin XCConfigurationList section */
		2A05D1E924AC89FE004CA944 /* Build configuration list for PBXProject "FileManagerUi" */ = {
			isa = XCConfigurationList;
			buildConfigurations = (
				2A05D21B24AC8A00004CA944 /* Debug */,
				2A05D21C24AC8A00004CA944 /* Release */,
			);
			defaultConfigurationIsVisible = 0;
			defaultConfigurationName = Release;
		};
		2A05D21D24AC8A00004CA944 /* Build configuration list for PBXNativeTarget "FileManagerUi" */ = {
			isa = XCConfigurationList;
			buildConfigurations = (
				2A05D21E24AC8A00004CA944 /* Debug */,
				2A05D21F24AC8A00004CA944 /* Release */,
			);
			defaultConfigurationIsVisible = 0;
			defaultConfigurationName = Release;
		};
		2A05D22024AC8A00004CA944 /* Build configuration list for PBXNativeTarget "FileManagerUiTests" */ = {
			isa = XCConfigurationList;
			buildConfigurations = (
				2A05D22124AC8A00004CA944 /* Debug */,
				2A05D22224AC8A00004CA944 /* Release */,
			);
			defaultConfigurationIsVisible = 0;
			defaultConfigurationName = Release;
		};
		2A05D22324AC8A00004CA944 /* Build configuration list for PBXNativeTarget "FileManagerUiUITests" */ = {
			isa = XCConfigurationList;
			buildConfigurations = (
				2A05D22424AC8A00004CA944 /* Debug */,
				2A05D22524AC8A00004CA944 /* Release */,
			);
			defaultConfigurationIsVisible = 0;
			defaultConfigurationName = Release;
		};
/* End XCConfigurationList section */
	};
	rootObject = 2A05D1E624AC89FE004CA944 /* Project object */;
}
